version = 1
revision = 3
requires-python = ">=3.14"

[[package]]
name = "et-xmlfile"
version = "2.0.0"
source = { registry = "https://pypi.org/simple" }
sdist = { url = "https://files.pythonhosted.org/packages/d3/38/af70d7ab1ae9d4da450eeec1fa3918940a5fafb9055e934af8d6eb0c2313/et_xmlfile-2.0.0.tar.gz", hash = "sha256:dab3f4764309081ce75662649be815c4c9081e88f0837825f90fd28317d4da54", size = 17234, upload-time = "2024-10-25T17:25:40.039Z" }
wheels = [
    { url = "https://files.pythonhosted.org/packages/c1/8b/5fe2cc11fee489817272089c4203e679c63b570a5aaeb18d852ae3cbba6a/et_xmlfile-2.0.0-py3-none-any.whl", hash = "sha256:7a91720bc756843502c3b7504c77b8fe44217c85c537d85037f0f536151b2caa", size = 18059, upload-time = "2024-10-25T17:25:39.051Z" },
]

[[package]]
name = "mariadb"
version = "1.1.14"
source = { registry = "https://pypi.org/simple" }
dependencies = [
    { name = "packaging" },
]
sdist = { url = "https://files.pythonhosted.org/packages/c4/ba/cedef19833be88e07bfff11964441cda8a998f1628dd3b2fa3e7751d36e0/mariadb-1.1.14.tar.gz", hash = "sha256:e6d702a53eccf20922e47f2f45cfb5c7a0c2c6c0a46e4ee2d8a80d0ff4a52f34", size = 111715, upload-time = "2025-10-07T06:45:48.017Z" }
wheels = [
    { url = "https://files.pythonhosted.org/packages/e7/f2/7059f83543a4264b98777d7cc8aa203e1ca6a13a461f730d1c97f29628d4/mariadb-1.1.14-cp314-cp314-win32.whl", hash = "sha256:1a50b4612c0dd5b69690cebb34cef552a7f64dcadeb5aa91d70cd99bf01bc5b3", size = 190620, upload-time = "2025-10-07T06:45:41.349Z" },
    { url = "https://files.pythonhosted.org/packages/f8/7c/7e094b0b396d742494f6346f2ffa9709e429970b0461aca50526f5f02f12/mariadb-1.1.14-cp314-cp314-win_amd64.whl", hash = "sha256:6659725837e48fa6af05e20128fb525029f706f1921d5dbf639a25b2f80b9f93", size = 206263, upload-time = "2025-10-07T06:45:43.227Z" },
]

[[package]]
name = "openpyxl"
version = "3.1.5"
source = { registry = "https://pypi.org/simple" }
dependencies = [
    { name = "et-xmlfile" },
]
sdist = { url = "https://files.pythonhosted.org/packages/3d/f9/88d94a75de065ea32619465d2f77b29a0469500e99012523b91cc4141cd1/openpyxl-3.1.5.tar.gz", hash = "sha256:cf0e3cf56142039133628b5acffe8ef0c12bc902d2aadd3e0fe5878dc08d1050", size = 186464, upload-time = "2024-06-28T14:03:44.161Z" }
wheels = [
    { url = "https://files.pythonhosted.org/packages/c0/da/977ded879c29cbd04de313843e76868e6e13408a94ed6b987245dc7c8506/openpyxl-3.1.5-py2.py3-none-any.whl", hash = "sha256:5282c12b107bffeef825f4617dc029afaf41d0ea60823bbb665ef3079dc79de2", size = 250910, upload-time = "2024-06-28T14:03:41.161Z" },
]

[[package]]
name = "packaging"
version = "26.3"
source = { registry = "https://pypi.org/simple" }
sdist = { url = "https://files.pythonhosted.org/packages/7d/fa/3944b40b07da9ce895c0e6303a5ab7d53da063554f534556b134a54d6093/packaging-26.3.tar.gz", hash = "sha256:94edc256424af38762eb31306eed28beb9f0efc50a8837492c9d6fd6004aed79", size = 313412, upload-time = "2026-08-04T18:15:28.737Z" }
wheels = [
    { url = "https://files.pythonhosted.org/packages/63/34/ba1c580383c9eada3711951fef0795c80b829a078d72188184bcab9dd527/packaging-26.3-py3-none-any.whl", hash = "sha256:d7193f7c8e4e93f444fde0262bf90af30e16fa0ad0ad44cb553c87339b23cd1c", size = 129956, upload-time = "2026-08-04T18:15:27.159Z" },
]

[[package]]
name = "pika"
version = "1.4.4"
source = { registry = "https://pypi.org/simple" }
sdist = { url = "https://files.pythonhosted.org/packages/7f/26/54e0b98a7f60b474cb0a6c05ecf048d4bc8c866e10ab1c82bc83865e7421/pika-1.4.4.tar.gz", hash = "sha256:8cfc8b33a5cb16e733bd60cffca9732c0d1d761ecd80a89f34ed7df2cd38d6d6", size = 154713, upload-time = "2026-08-06T21:33:39.836Z" }
wheels = [
    { url = "https://files.pythonhosted.org/packages/7c/f3/921170b78779ac3f8b405cb28fce88acca1562ac114072cbf0a115e19bb9/pika-1.4.4-py3-none-any.whl", hash = "sha256:48de960c97a93b55db06b8be4c53eb977c9c8a2754c57cdae9097abcbd70ce04", size = 165275, upload-time = "2026-08-06T21:33:38.449Z" },
]

[[package]]
name = "python-examples"
version = "0.1.0"
source = { editable = "." }
dependencies = [
    { name = "mariadb" },
    { name = "openpyxl" },
    { name = "pika" },
]

[package.metadata]
requires-dist = [
    { name = "mariadb", specifier = ">=1.1.14" },
    { name = "openpyxl", specifier = ">=3.1.5" },
    { name = "pika", specifier = "==1.4.4" },
]
